// !$*UTF8*$!
{
	archiveVersion = 1;
	classes = {
	};
	objectVersion = 46;
	objects = {

/* Begin PBXBuildFile section */
		6B3948E21EF4AF9B0010B455 /* AppDelegate.swift in Sources */ = {isa = PBXBuildFile; fileRef = 6B3948E11EF4AF9B0010B455 /* AppDelegate.swift */; };
		6B3948E41EF4AF9B0010B455 /* ViewController.swift in Sources */ = {isa = PBXBuildFile; fileRef = 6B3948E31EF4AF9B0010B455 /* ViewController.swift */; };
		6B3948E71EF4AF9B0010B455 /* Main.storyboard in Resources */ = {isa = PBXBuildFile; fileRef = 6B3948E51EF4AF9B0010B455 /* Main.storyboard */; };
		6B3948E91EF4AF9B0010B455 /* Assets.xcassets in Resources */ = {isa = PBXBuildFile; fileRef = 6B3948E81EF4AF9B0010B455 /* Assets.xcassets */; };
		6B3948EC1EF4AF9B0010B455 /* LaunchScreen.storyboard in Resources */ = {isa = PBXBuildFile; fileRef = 6B3948EA1EF4AF9B0010B455 /* LaunchScreen.storyboard */; };
		6B3948F71EF4AF9B0010B455 /* liftingappTests.swift in Sources */ = {isa = PBXBuildFile; fileRef = 6B3948F61EF4AF9B0010B455 /* liftingappTests.swift */; };
		6B3949021EF4AF9B0010B455 /* liftingappUITests.swift in Sources */ = {isa = PBXBuildFile; fileRef = 6B3949011EF4AF9B0010B455 /* liftingappUITests.swift */; };
/* End PBXBuildFile section */

/* Begin PBXContainerItemProxy section */
		6B3948F31EF4AF9B0010B455 /* PBXContainerItemProxy */ = {
			isa = PBXContainerItemProxy;
			containerPortal = 6B3948D61EF4AF9B0010B455 /* Project object */;
			proxyType = 1;
			remoteGlobalIDString = 6B3948DD1EF4AF9B0010B455;
			remoteInfo = liftingapp;
		};
		6B3948FE1EF4AF9B0010B455 /* PBXContainerItemProxy */ = {
			isa = PBXContainerItemProxy;
			containerPortal = 6B3948D61EF4AF9B0010B455 /* Project object */;
			proxyType = 1;
			remoteGlobalIDString = 6B3948DD1EF4AF9B0010B455;
			remoteInfo = liftingapp;
		};
/* End PBXContainerItemProxy section */

/* Begin PBXFileReference section */
		6B3948DE1EF4AF9B0010B455 /* liftingapp.app */ = {isa = PBXFileReference; explicitFileType = wrapper.application; includeInIndex = 0; path = liftingapp.app; sourceTree = BUILT_PRODUCTS_DIR; };
		6B3948E11EF4AF9B0010B455 /* AppDelegate.swift */ = {isa = PBXFileReference; lastKnownFileType = sourcecode.swift; path = AppDelegate.swift; sourceTree = "<group>"; };
		6B3948E31EF4AF9B0010B455 /* ViewController.swift */ = {isa = PBXFileReference; lastKnownFileType = sourcecode.swift; path = ViewController.swift; sourceTree = "<group>"; };
		6B3948E61EF4AF9B0010B455 /* Base */ = {isa = PBXFileReference; lastKnownFileType = file.storyboard; name = Base; path = Base.lproj/Main.storyboard; sourceTree = "<group>"; };
		6B3948E81EF4AF9B0010B455 /* Assets.xcassets */ = {isa = PBXFileReference; lastKnownFileType = folder.assetcatalog; path = Assets.xcassets; sourceTree = "<group>"; };
		6B3948EB1EF4AF9B0010B455 /* Base */ = {isa = PBXFileReference; lastKnownFileType = file.storyboard; name = Base; path = Base.lproj/LaunchScreen.storyboard; sourceTree = "<group>"; };
		6B3948ED1EF4AF9B0010B455 /* Info.plist */ = {isa = PBXFileReference; lastKnownFileType = text.plist.xml; path = Info.plist; sourceTree = "<group>"; };
		6B3948F21EF4AF9B0010B455 /* liftingappTests.xctest */ = {isa = PBXFileReference; explicitFileType = wrapper.cfbundle; includeInIndex = 0; path = liftingappTests.xctest; sourceTree = BUILT_PRODUCTS_DIR; };
		6B3948F61EF4AF9B0010B455 /* liftingappTests.swift */ = {isa = PBXFileReference; lastKnownFileType = sourcecode.swift; path = liftingappTests.swift; sourceTree = "<group>"; };
		6B3948F81EF4AF9B0010B455 /* Info.plist */ = {isa = PBXFileReference; lastKnownFileType = text.plist.xml; path = Info.plist; sourceTree = "<group>"; };
		6B3948FD1EF4AF9B0010B455 /* liftingappUITests.xctest */ = {isa = PBXFileReference; explicitFileType = wrapper.cfbundle; includeInIndex = 0; path = liftingappUITests.xctest; sourceTree = BUILT_PRODUCTS_DIR; };
		6B3949011EF4AF9B0010B455 /* liftingappUITests.swift */ = {isa = PBXFileReference; lastKnownFileType = sourcecode.swift; path = liftingappUITests.swift; sourceTree = "<group>"; };
		6B3949031EF4AF9B0010B455 /* Info.plist */ = {isa = PBXFileReference; lastKnownFileType = text.plist.xml; path = Info.plist; sourceTree = "<group>"; };
/* End PBXFileReference section */

/* Begin PBXFrameworksBuildPhase section */
		6B3948DB1EF4AF9B0010B455 /* Frameworks */ = {
			isa = PBXFrameworksBuildPhase;
			buildActionMask = 2147483647;
			files = (
			);
			runOnlyForDeploymentPostprocessing = 0;
		};
		6B3948EF1EF4AF9B0010B455 /* Frameworks */ = {
			isa = PBXFrameworksBuildPhase;
			buildActionMask = 2147483647;
			files = (
			);
			runOnlyForDeploymentPostprocessing = 0;
		};
		6B3948FA1EF4AF9B0010B455 /* Frameworks */ = {
			isa = PBXFrameworksBuildPhase;
			buildActionMask = 2147483647;
			files = (
			);
			runOnlyForDeploymentPostprocessing = 0;
		};
/* End PBXFrameworksBuildPhase section */

/* Begin PBXGroup section */
		6B3948D51EF4AF9B0010B455 = {
			isa = PBXGroup;
			children = (
				6B3948E01EF4AF9B0010B455 /* liftingapp */,
				6B3948F51EF4AF9B0010B455 /* liftingappTests */,
				6B3949001EF4AF9B0010B455 /* liftingappUITests */,
				6B3948DF1EF4AF9B0010B455 /* Products */,
			);
			sourceTree = "<group>";
		};
		6B3948DF1EF4AF9B0010B455 /* Products */ = {
			isa = PBXGroup;
			children = (
				6B3948DE1EF4AF9B0010B455 /* liftingapp.app */,
				6B3948F21EF4AF9B0010B455 /* liftingappTests.xctest */,
				6B3948FD1EF4AF9B0010B455 /* liftingappUITests.xctest */,
			);
			name = Products;
			sourceTree = "<group>";
		};
		6B3948E01EF4AF9B0010B455 /* liftingapp */ = {
			isa = PBXGroup;
			children = (
				6B3948E11EF4AF9B0010B455 /* AppDelegate.swift */,
				6B3948E31EF4AF9B0010B455 /* ViewController.swift */,
				6B3948E51EF4AF9B0010B455 /* Main.storyboard */,
				6B3948E81EF4AF9B0010B455 /* Assets.xcassets */,
				6B3948EA1EF4AF9B0010B455 /* LaunchScreen.storyboard */,
				6B3948ED1EF4AF9B0010B455 /* Info.plist */,
			);
			path = liftingapp;
			sourceTree = "<group>";
		};
		6B3948F51EF4AF9B0010B455 /* liftingappTests */ = {
			isa = PBXGroup;
			children = (
				6B3948F61EF4AF9B0010B455 /* liftingappTests.swift */,
				6B3948F81EF4AF9B0010B455 /* Info.plist */,
			);
			path = liftingappTests;
			sourceTree = "<group>";
		};
		6B3949001EF4AF9B0010B455 /* liftingappUITests */ = {
			isa = PBXGroup;
			children = (
				6B3949011EF4AF9B0010B455 /* liftingappUITests.swift */,
				6B3949031EF4AF9B0010B455 /* Info.plist */,
			);
			path = liftingappUITests;
			sourceTree = "<group>";
		};
/* End PBXGroup section */

/* Begin PBXNativeTarget section */
		6B3948DD1EF4AF9B0010B455 /* liftingapp */ = {
			isa = PBXNativeTarget;
			buildConfigurationList = 6B3949061EF4AF9B0010B455 /* Build configuration list for PBXNativeTarget "liftingapp" */;
			buildPhases = (
				6B3948DA1EF4AF9B0010B455 /* Sources */,
				6B3948DB1EF4AF9B0010B455 /* Frameworks */,
				6B3948DC1EF4AF9B0010B455 /* Resources */,
			);
			buildRules = (
			);
			dependencies = (
			);
			name = liftingapp;
			productName = liftingapp;
			productReference = 6B3948DE1EF4AF9B0010B455 /* liftingapp.app */;
			productType = "com.apple.product-type.application";
		};
		6B3948F11EF4AF9B0010B455 /* liftingappTests */ = {
			isa = PBXNativeTarget;
			buildConfigurationList = 6B3949091EF4AF9B0010B455 /* Build configuration list for PBXNativeTarget "liftingappTests" */;
			buildPhases = (
				6B3948EE1EF4AF9B0010B455 /* Sources */,
				6B3948EF1EF4AF9B0010B455 /* Frameworks */,
				6B3948F01EF4AF9B0010B455 /* Resources */,
			);
			buildRules = (
			);
			dependencies = (
				6B3948F41EF4AF9B0010B455 /* PBXTargetDependency */,
			);
			name = liftingappTests;
			productName = liftingappTests;
			productReference = 6B3948F21EF4AF9B0010B455 /* liftingappTests.xctest */;
			productType = "com.apple.product-type.bundle.unit-test";
		};
		6B3948FC1EF4AF9B0010B455 /* liftingappUITests */ = {
			isa = PBXNativeTarget;
			buildConfigurationList = 6B39490C1EF4AF9B0010B455 /* Build configuration list for PBXNativeTarget "liftingappUITests" */;
			buildPhases = (
				6B3948F91EF4AF9B0010B455 /* Sources */,
				6B3948FA1EF4AF9B0010B455 /* Frameworks */,
				6B3948FB1EF4AF9B0010B455 /* Resources */,
			);
			buildRules = (
			);
			dependencies = (
				6B3948FF1EF4AF9B0010B455 /* PBXTargetDependency */,
			);
			name = liftingappUITests;
			productName = liftingappUITests;
			productReference = 6B3948FD1EF4AF9B0010B455 /* liftingappUITests.xctest */;
			productType = "com.apple.product-type.bundle.ui-testing";
		};
/* End PBXNativeTarget section */

/* Begin PBXProject section */
		6B3948D61EF4AF9B0010B455 /* Project object */ = {
			isa = PBXProject;
			attributes = {
				LastSwiftUpdateCheck = 0830;
				LastUpgradeCheck = 0830;
				ORGANIZATIONNAME = rapterion;
				TargetAttributes = {
					6B3948DD1EF4AF9B0010B455 = {
						CreatedOnToolsVersion = 8.3.3;
						ProvisioningStyle = Automatic;
					};
					6B3948F11EF4AF9B0010B455 = {
						CreatedOnToolsVersion = 8.3.3;
						ProvisioningStyle = Automatic;
						TestTargetID = 6B3948DD1EF4AF9B0010B455;
					};
					6B3948FC1EF4AF9B0010B455 = {
						CreatedOnToolsVersion = 8.3.3;
						ProvisioningStyle = Automatic;
						TestTargetID = 6B3948DD1EF4AF9B0010B455;
					};
				};
			};
			buildConfigurationList = 6B3948D91EF4AF9B0010B455 /* Build configuration list for PBXProject "liftingapp" */;
			compatibilityVersion = "Xcode 3.2";
			developmentRegion = English;
			hasScannedForEncodings = 0;
			knownRegions = (
				en,
				Base,
			);
			mainGroup = 6B3948D51EF4AF9B0010B455;
			productRefGroup = 6B3948DF1EF4AF9B0010B455 /* Products */;
			projectDirPath = "";
			projectRoot = "";
			targets = (
				6B3948DD1EF4AF9B0010B455 /* liftingapp */,
				6B3948F11EF4AF9B0010B455 /* liftingappTests */,
				6B3948FC1EF4AF9B0010B455 /* liftingappUITests */,
			);
		};
/* End PBXProject section */

/* Begin PBXResourcesBuildPhase section */
		6B3948DC1EF4AF9B0010B455 /* Resources */ = {
			isa = PBXResourcesBuildPhase;
			buildActionMask = 2147483647;
			files = (
				6B3948EC1EF4AF9B0010B455 /* LaunchScreen.storyboard in Resources */,
				6B3948E91EF4AF9B0010B455 /* Assets.xcassets in Resources */,
				6B3948E71EF4AF9B0010B455 /* Main.storyboard in Resources */,
			);
			runOnlyForDeploymentPostprocessing = 0;
		};
		6B3948F01EF4AF9B0010B455 /* Resources */ = {
			isa = PBXResourcesBuildPhase;
			buildActionMask = 2147483647;
			files = (
			);
			runOnlyForDeploymentPostprocessing = 0;
		};
		6B3948FB1EF4AF9B0010B455 /* Resources */ = {
			isa = PBXResourcesBuildPhase;
			buildActionMask = 2147483647;
			files = (
			);
			runOnlyForDeploymentPostprocessing = 0;
		};
/* End PBXResourcesBuildPhase section */

/* Begin PBXSourcesBuildPhase section */
		6B3948DA1EF4AF9B0010B455 /* Sources */ = {
			isa = PBXSourcesBuildPhase;
			buildActionMask = 2147483647;
			files = (
				6B3948E41EF4AF9B0010B455 /* ViewController.swift in Sources */,
				6B3948E21EF4AF9B0010B455 /* AppDelegate.swift in Sources */,
			);
			runOnlyForDeploymentPostprocessing = 0;
		};
		6B3948EE1EF4AF9B0010B455 /* Sources */ = {
			isa = PBXSourcesBuildPhase;
			buildActionMask = 2147483647;
			files = (
				6B3948F71EF4AF9B0010B455 /* liftingappTests.swift in Sources */,
			);
			runOnlyForDeploymentPostprocessing = 0;
		};
		6B3948F91EF4AF9B0010B455 /* Sources */ = {
			isa = PBXSourcesBuildPhase;
			buildActionMask = 2147483647;
			files = (
				6B3949021EF4AF9B0010B455 /* liftingappUITests.swift in Sources */,
			);
			runOnlyForDeploymentPostprocessing = 0;
		};
/* End PBXSourcesBuildPhase section */

/* Begin PBXTargetDependency section */
		6B3948F41EF4AF9B0010B455 /* PBXTargetDependency */ = {
			isa = PBXTargetDependency;
			target = 6B3948DD1EF4AF9B0010B455 /* liftingapp */;
			targetProxy = 6B3948F31EF4AF9B0010B455 /* PBXContainerItemProxy */;
		};
		6B3948FF1EF4AF9B0010B455 /* PBXTargetDependency */ = {
			isa = PBXTargetDependency;
			target = 6B3948DD1EF4AF9B0010B455 /* liftingapp */;
			targetProxy = 6B3948FE1EF4AF9B0010B455 /* PBXContainerItemProxy */;
		};
/* End PBXTargetDependency section */

/* Begin PBXVariantGroup section */
		6B3948E51EF4AF9B0010B455 /* Main.storyboard */ = {
			isa = PBXVariantGroup;
			children = (
				6B3948E61EF4AF9B0010B455 /* Base */,
			);
			name = Main.storyboard;
			sourceTree = "<group>";
		};
		6B3948EA1EF4AF9B0010B455 /* LaunchScreen.storyboard */ = {
			isa = PBXVariantGroup;
			children = (
				6B3948EB1EF4AF9B0010B455 /* Base */,
			);
			name = LaunchScreen.storyboard;
			sourceTree = "<group>";
		};
/* End PBXVariantGroup section */

/* Begin XCBuildConfiguration section */
		6B3949041EF4AF9B0010B455 /* Debug */ = {
			isa = XCBuildConfiguration;
			buildSettings = {
				ALWAYS_SEARCH_USER_PATHS = NO;
				CLANG_ANALYZER_NONNULL = YES;
				CLANG_ANALYZER_NUMBER_OBJECT_CONVERSION = YES_AGGRESSIVE;
				CLANG_CXX_LANGUAGE_STANDARD = "gnu++0x";
				CLANG_CXX_LIBRARY = "libc++";
				CLANG_ENABLE_MODULES = YES;
				CLANG_ENABLE_OBJC_ARC = YES;
				CLANG_WARN_BOOL_CONVERSION = YES;
				CLANG_WARN_CONSTANT_CONVERSION = YES;
				CLANG_WARN_DIRECT_OBJC_ISA_USAGE = YES_ERROR;
				CLANG_WARN_DOCUMENTATION_COMMENTS = YES;
				CLANG_WARN_EMPTY_BODY = YES;
				CLANG_WARN_ENUM_CONVERSION = YES;
				CLANG_WARN_INFINITE_RECURSION = YES;
				CLANG_WARN_INT_CONVERSION = YES;
				CLANG_WARN_OBJC_ROOT_CLASS = YES_ERROR;
				CLANG_WARN_SUSPICIOUS_MOVE = YES;
				CLANG_WARN_UNREACHABLE_CODE = YES;
				CLANG_WARN__DUPLICATE_METHOD_MATCH = YES;
				"CODE_SIGN_IDENTITY[sdk=iphoneos*]" = "iPhone Developer";
				COPY_PHASE_STRIP = NO;
				DEBUG_INFORMATION_FORMAT = dwarf;
				ENABLE_STRICT_OBJC_MSGSEND = YES;
				ENABLE_TESTABILITY = YES;
				GCC_C_LANGUAGE_STANDARD = gnu99;
				GCC_DYNAMIC_NO_PIC = NO;
				GCC_NO_COMMON_BLOCKS = YES;
				GCC_OPTIMIZATION_LEVEL = 0;
				GCC_PREPROCESSOR_DEFINITIONS = (
					"DEBUG=1",
					"$(inherited)",
				);
				GCC_WARN_64_TO_32_BIT_CONVERSION = YES;
				GCC_WARN_ABOUT_RETURN_TYPE = YES_ERROR;
				GCC_WARN_UNDECLARED_SELECTOR = YES;
				GCC_WARN_UNINITIALIZED_AUTOS = YES_AGGRESSIVE;
				GCC_WARN_UNUSED_FUNCTION = YES;
				GCC_WARN_UNUSED_VARIABLE = YES;
				IPHONEOS_DEPLOYMENT_TARGET = 10.3;
				MTL_ENABLE_DEBUG_INFO = YES;
				ONLY_ACTIVE_ARCH = YES;
				SDKROOT = iphoneos;
				SWIFT_ACTIVE_COMPILATION_CONDITIONS = DEBUG;
				SWIFT_OPTIMIZATION_LEVEL = "-Onone";
			};
			name = Debug;
		};
		6B3949051EF4AF9B0010B455 /* Release */ = {
			isa = XCBuildConfiguration;
			buildSettings = {
				ALWAYS_SEARCH_USER_PATHS = NO;
				CLANG_ANALYZER_NONNULL = YES;
				CLANG_ANALYZER_NUMBER_OBJECT_CONVERSION = YES_AGGRESSIVE;
				CLANG_CXX_LANGUAGE_STANDARD = "gnu++0x";
				CLANG_CXX_LIBRARY = "libc++";
				CLANG_ENABLE_MODULES = YES;
				CLANG_ENABLE_OBJC_ARC = YES;
				CLANG_WARN_BOOL_CONVERSION = YES;
				CLANG_WARN_CONSTANT_CONVERSION = YES;
				CLANG_WARN_DIRECT_OBJC_ISA_USAGE = YES_ERROR;
				CLANG_WARN_DOCUMENTATION_COMMENTS = YES;
				CLANG_WARN_EMPTY_BODY = YES;
				CLANG_WARN_ENUM_CONVERSION = YES;
				CLANG_WARN_INFINITE_RECURSION = YES;
				CLANG_WARN_INT_CONVERSION = YES;
				CLANG_WARN_OBJC_ROOT_CLASS = YES_ERROR;
				CLANG_WARN_SUSPICIOUS_MOVE = YES;
				CLANG_WARN_UNREACHABLE_CODE = YES;
				CLANG_WARN__DUPLICATE_METHOD_MATCH = YES;
				"CODE_SIGN_IDENTITY[sdk=iphoneos*]" = "iPhone Developer";
				COPY_PHASE_STRIP = NO;
				DEBUG_INFORMATION_FORMAT = "dwarf-with-dsym";
				ENABLE_NS_ASSERTIONS = NO;
				ENABLE_STRICT_OBJC_MSGSEND = YES;
				GCC_C_LANGUAGE_STANDARD = gnu99;
				GCC_NO_COMMON_BLOCKS = YES;
				GCC_WARN_64_TO_32_BIT_CONVERSION = YES;
				GCC_WARN_ABOUT_RETURN_TYPE = YES_ERROR;
				GCC_WARN_UNDECLARED_SELECTOR = YES;
				GCC_WARN_UNINITIALIZED_AUTOS = YES_AGGRESSIVE;
				GCC_WARN_UNUSED_FUNCTION = YES;
				GCC_WARN_UNUSED_VARIABLE = YES;
				IPHONEOS_DEPLOYMENT_TARGET = 10.3;
				MTL_ENABLE_DEBUG_INFO = NO;
				SDKROOT = iphoneos;
				SWIFT_OPTIMIZATION_LEVEL = "-Owholemodule";
				VALIDATE_PRODUCT = YES;
			};
			name = Release;
		};
		6B3949071EF4AF9B0010B455 /* Debug */ = {
			isa = XCBuildConfiguration;
			buildSettings = {
				ASSETCATALOG_COMPILER_APPICON_NAME = AppIcon;
				INFOPLIST_FILE = liftingapp/Info.plist;
				LD_RUNPATH_SEARCH_PATHS = "$(inherited) @executable_path/Frameworks";
				PRODUCT_BUNDLE_IDENTIFIER = com.udacity.liftingapp;
				PRODUCT_NAME = "$(TARGET_NAME)";
				SWIFT_VERSION = 3.0;
			};
			name = Debug;
		};
		6B3949081EF4AF9B0010B455 /* Release */ = {
			isa = XCBuildConfiguration;
			buildSettings = {
				ASSETCATALOG_COMPILER_APPICON_NAME = AppIcon;
				INFOPLIST_FILE = liftingapp/Info.plist;
				LD_RUNPATH_SEARCH_PATHS = "$(inherited) @executable_path/Frameworks";
				PRODUCT_BUNDLE_IDENTIFIER = com.udacity.liftingapp;
				PRODUCT_NAME = "$(TARGET_NAME)";
				SWIFT_VERSION = 3.0;
			};
			name = Release;
		};
		6B39490A1EF4AF9B0010B455 /* Debug */ = {
			isa = XCBuildConfiguration;
			buildSettings = {
				ALWAYS_EMBED_SWIFT_STANDARD_LIBRARIES = YES;
				BUNDLE_LOADER = "$(TEST_HOST)";
				INFOPLIST_FILE = liftingappTests/Info.plist;
				LD_RUNPATH_SEARCH_PATHS = "$(inherited) @executable_path/Frameworks @loader_path/Frameworks";
				PRODUCT_BUNDLE_IDENTIFIER = com.udacity.liftingappTests;
				PRODUCT_NAME = "$(TARGET_NAME)";
				SWIFT_VERSION = 3.0;
				TEST_HOST = "$(BUILT_PRODUCTS_DIR)/liftingapp.app/liftingapp";
			};
			name = Debug;
		};
		6B39490B1EF4AF9B0010B455 /* Release */ = {
			isa = XCBuildConfiguration;
			buildSettings = {
				ALWAYS_EMBED_SWIFT_STANDARD_LIBRARIES = YES;
				BUNDLE_LOADER = "$(TEST_HOST)";
				INFOPLIST_FILE = liftingappTests/Info.plist;
				LD_RUNPATH_SEARCH_PATHS = "$(inherited) @executable_path/Frameworks @loader_path/Frameworks";
				PRODUCT_BUNDLE_IDENTIFIER = com.udacity.liftingappTests;
				PRODUCT_NAME = "$(TARGET_NAME)";
				SWIFT_VERSION = 3.0;
				TEST_HOST = "$(BUILT_PRODUCTS_DIR)/liftingapp.app/liftingapp";
			};
			name = Release;
		};
		6B39490D1EF4AF9B0010B455 /* Debug */ = {
			isa = XCBuildConfiguration;
			buildSettings = {
				ALWAYS_EMBED_SWIFT_STANDARD_LIBRARIES = YES;
				INFOPLIST_FILE = liftingappUITests/Info.plist;
				LD_RUNPATH_SEARCH_PATHS = "$(inherited) @executable_path/Frameworks @loader_path/Frameworks";
				PRODUCT_BUNDLE_IDENTIFIER = com.udacity.liftingappUITests;
				PRODUCT_NAME = "$(TARGET_NAME)";
				SWIFT_VERSION = 3.0;
				TEST_TARGET_NAME = liftingapp;
			};
			name = Debug;
		};
		6B39490E1EF4AF9B0010B455 /* Release */ = {
			isa = XCBuildConfiguration;
			buildSettings = {
				ALWAYS_EMBED_SWIFT_STANDARD_LIBRARIES = YES;
				INFOPLIST_FILE = liftingappUITests/Info.plist;
				LD_RUNPATH_SEARCH_PATHS = "$(inherited) @executable_path/Frameworks @loader_path/Frameworks";
				PRODUCT_BUNDLE_IDENTIFIER = com.udacity.liftingappUITests;
				PRODUCT_NAME = "$(TARGET_NAME)";
				SWIFT_VERSION = 3.0;
				TEST_TARGET_NAME = liftingapp;
			};
			name = Release;
		};
/* End XCBuildConfiguration section */

/* Begin XCConfigurationList section */
		6B3948D91EF4AF9B0010B455 /* Build configuration list for PBXProject "liftingapp" */ = {
			isa = XCConfigurationList;
			buildConfigurations = (
				6B3949041EF4AF9B0010B455 /* Debug */,
				6B3949051EF4AF9B0010B455 /* Release */,
			);
			defaultConfigurationIsVisible = 0;
			defaultConfigurationName = Release;
		};
		6B3949061EF4AF9B0010B455 /* Build configuration list for PBXNativeTarget "liftingapp" */ = {
			isa = XCConfigurationList;
			buildConfigurations = (
				6B3949071EF4AF9B0010B455 /* Debug */,
				6B3949081EF4AF9B0010B455 /* Release */,
			);
			defaultConfigurationIsVisible = 0;
		};
		6B3949091EF4AF9B0010B455 /* Build configuration list for PBXNativeTarget "liftingappTests" */ = {
			isa = XCConfigurationList;
			buildConfigurations = (
				6B39490A1EF4AF9B0010B455 /* Debug */,
				6B39490B1EF4AF9B0010B455 /* Release */,
			);
			defaultConfigurationIsVisible = 0;
		};
		6B39490C1EF4AF9B0010B455 /* Build configuration list for PBXNativeTarget "liftingappUITests" */ = {
			isa = XCConfigurationList;
			buildConfigurations = (
				6B39490D1EF4AF9B0010B455 /* Debug */,
				6B39490E1EF4AF9B0010B455 /* Release */,
			);
			defaultConfigurationIsVisible = 0;
		};
/* End XCConfigurationList section */
	};
	rootObject = 6B3948D61EF4AF9B0010B455 /* Project object */;
}
